
Microsoft Visual Studio Solution File, Format Version 12.00
# Visual Studio 15
VisualStudioVersion = 15.0.26228.4
MinimumVisualStudioVersion = 10.0.40219.1
Project("{FAE04EC0-301F-11D3-BF4B-00C04F79EFBC}") = "Application.Core", "Application.Core\Application.Core.csproj", "{81E2B5BE-DFA2-44AF-8725-F76E102E29D9}"
EndProject
Project("{FAE04EC0-301F-11D3-BF4B-00C04F79EFBC}") = "Application.DataAccessLayer", "Application.DataAccessLayer\Application.DataAccessLayer.csproj", "{7DAACF73-6F05-4541-AA3B-A9676C6971CE}"
EndProject
Project("{FAE04EC0-301F-11D3-BF4B-00C04F79EFBC}") = "Application.BusinessLogicLayer", "Application.BusinessLogicLayer\Application.BusinessLogicLayer.csproj", "{CC642695-38ED-4A34-8606-1E61BF1988AE}"
EndProject
Project("{FAE04EC0-301F-11D3-BF4B-00C04F79EFBC}") = "Application.Entity", "Application.Entity\Application.Entity.csproj", "{F6A3ED7C-C165-4DA1-AFDB-C77499621E9F}"
EndProject
Project("{FAE04EC0-301F-11D3-BF4B-00C04F79EFBC}") = "Application.UserInterface", "Application.UserInterface\Application.UserInterface.csproj", "{32E5F671-D559-4A7B-96FA-1EE748282AAA}"
EndProject
Project("{FAE04EC0-301F-11D3-BF4B-00C04F79EFBC}") = "Application.BusinessLogicLayer.Test", "Application.BusinessLogicLayer.Test\Application.BusinessLogicLayer.Test.csproj", "{D02E82EA-09F7-454C-93F9-5C9E410FDF77}"
EndProject
Project("{FAE04EC0-301F-11D3-BF4B-00C04F79EFBC}") = "Application.DataAccessLayer.Test", "Application.DataAccessLayer.Test\Application.DataAccessLayer.Test.csproj", "{810CF4E3-F342-4804-BB92-531B6A855BE3}"
EndProject
Global
	GlobalSection(SolutionConfigurationPlatforms) = preSolution
		Debug|Any CPU = Debug|Any CPU
		Release|Any CPU = Release|Any CPU
	EndGlobalSection
	GlobalSection(ProjectConfigurationPlatforms) = postSolution
		{81E2B5BE-DFA2-44AF-8725-F76E102E29D9}.Debug|Any CPU.ActiveCfg = Debug|Any CPU
		{81E2B5BE-DFA2-44AF-8725-F76E102E29D9}.Debug|Any CPU.Build.0 = Debug|Any CPU
		{81E2B5BE-DFA2-44AF-8725-F76E102E29D9}.Release|Any CPU.ActiveCfg = Release|Any CPU
		{81E2B5BE-DFA2-44AF-8725-F76E102E29D9}.Release|Any CPU.Build.0 = Release|Any CPU
		{7DAACF73-6F05-4541-AA3B-A9676C6971CE}.Debug|Any CPU.ActiveCfg = Debug|Any CPU
		{7DAACF73-6F05-4541-AA3B-A9676C6971CE}.Debug|Any CPU.Build.0 = Debug|Any CPU
		{7DAACF73-6F05-4541-AA3B-A9676C6971CE}.Release|Any CPU.ActiveCfg = Release|Any CPU
		{7DAACF73-6F05-4541-AA3B-A9676C6971CE}.Release|Any CPU.Build.0 = Release|Any CPU
		{CC642695-38ED-4A34-8606-1E61BF1988AE}.Debug|Any CPU.ActiveCfg = Debug|Any CPU
		{CC642695-38ED-4A34-8606-1E61BF1988AE}.Debug|Any CPU.Build.0 = Debug|Any CPU
		{CC642695-38ED-4A34-8606-1E61BF1988AE}.Release|Any CPU.ActiveCfg = Release|Any CPU
		{CC642695-38ED-4A34-8606-1E61BF1988AE}.Release|Any CPU.Build.0 = Release|Any CPU
		{F6A3ED7C-C165-4DA1-AFDB-C77499621E9F}.Debug|Any CPU.ActiveCfg = Debug|Any CPU
		{F6A3ED7C-C165-4DA1-AFDB-C77499621E9F}.Debug|Any CPU.Build.0 = Debug|Any CPU
		{F6A3ED7C-C165-4DA1-AFDB-C77499621E9F}.Release|Any CPU.ActiveCfg = Release|Any CPU
		{F6A3ED7C-C165-4DA1-AFDB-C77499621E9F}.Release|Any CPU.Build.0 = Release|Any CPU
		{32E5F671-D559-4A7B-96FA-1EE748282AAA}.Debug|Any CPU.ActiveCfg = Debug|Any CPU
		{32E5F671-D559-4A7B-96FA-1EE748282AAA}.Debug|Any CPU.Build.0 = Debug|Any CPU
		{32E5F671-D559-4A7B-96FA-1EE748282AAA}.Release|Any CPU.ActiveCfg = Release|Any CPU
		{32E5F671-D559-4A7B-96FA-1EE748282AAA}.Release|Any CPU.Build.0 = Release|Any CPU
		{D02E82EA-09F7-454C-93F9-5C9E410FDF77}.Debug|Any CPU.ActiveCfg = Debug|Any CPU
		{D02E82EA-09F7-454C-93F9-5C9E410FDF77}.Debug|Any CPU.Build.0 = Debug|Any CPU
		{D02E82EA-09F7-454C-93F9-5C9E410FDF77}.Release|Any CPU.ActiveCfg = Release|Any CPU
		{D02E82EA-09F7-454C-93F9-5C9E410FDF77}.Release|Any CPU.Build.0 = Release|Any CPU
		{810CF4E3-F342-4804-BB92-531B6A855BE3}.Debug|Any CPU.ActiveCfg = Debug|Any CPU
		{810CF4E3-F342-4804-BB92-531B6A855BE3}.Debug|Any CPU.Build.0 = Debug|Any CPU
		{810CF4E3-F342-4804-BB92-531B6A855BE3}.Release|Any CPU.ActiveCfg = Release|Any CPU
		{810CF4E3-F342-4804-BB92-531B6A855BE3}.Release|Any CPU.Build.0 = Release|Any CPU
	EndGlobalSection
	GlobalSection(SolutionProperties) = preSolution
		HideSolutionNode = FALSE
	EndGlobalSection
EndGlobal
